
Microsoft Visual Studio Solution File, Format Version 12.00
# Visual Studio Version 17
VisualStudioVersion = 17.13.35806.99
MinimumVisualStudioVersion = 10.0.40219.1
Project("{FAE04EC0-301F-11D3-BF4B-00C04F79EFBC}") = "VendingMachineBackend", "VendingMachineBackend\VendingMachineBackend.csproj", "{4BBF15C2-9C41-0F4B-D0A5-FE36ABC832BF}"
EndProject
Global
	GlobalSection(SolutionConfigurationPlatforms) = preSolution
		Debug|Any CPU = Debug|Any CPU
		Release|Any CPU = Release|Any CPU
	EndGlobalSection
	GlobalSection(ProjectConfigurationPlatforms) = postSolution
		{4BBF15C2-9C41-0F4B-D0A5-FE36ABC832BF}.Debug|Any CPU.ActiveCfg = Debug|Any CPU
		{4BBF15C2-9C41-0F4B-D0A5-FE36ABC832BF}.Debug|Any CPU.Build.0 = Debug|Any CPU
		{4BBF15C2-9C41-0F4B-D0A5-FE36ABC832BF}.Release|Any CPU.ActiveCfg = Release|Any CPU
		{4BBF15C2-9C41-0F4B-D0A5-FE36ABC832BF}.Release|Any CPU.Build.0 = Release|Any CPU
	EndGlobalSection
	GlobalSection(SolutionProperties) = preSolution
		HideSolutionNode = FALSE
	EndGlobalSection
	GlobalSection(ExtensibilityGlobals) = postSolution
		SolutionGuid = {466291AF-5853-480B-913F-6C67CE43D160}
	EndGlobalSection
EndGlobal
